
Microsoft Visual Studio Solution File, Format Version 12.00
# Visual Studio Version 17
VisualStudioVersion = 17.11.35208.52
MinimumVisualStudioVersion = 10.0.40219.1
Project("{FAE04EC0-301F-11D3-BF4B-00C04F79EFBC}") = "SCCMInfo", "SCCMInfo\SCCMInfo.csproj", "{70074B5E-BAFA-4A2B-BF67-6A1F064257A0}"
EndProject
Project("{FAE04EC0-301F-11D3-BF4B-00C04F79EFBC}") = "DeploymentInfoLogger", "DeploymentInfoLogger\DeploymentInfoLogger.csproj", "{60396BFB-DE20-4919-9EC9-2E8169AEAD14}"
EndProject
Global
	GlobalSection(SolutionConfigurationPlatforms) = preSolution
		Debug|Any CPU = Debug|Any CPU
		Debug|x64 = Debug|x64
		Release|Any CPU = Release|Any CPU
		Release|x64 = Release|x64
	EndGlobalSection
	GlobalSection(ProjectConfigurationPlatforms) = postSolution
		{70074B5E-BAFA-4A2B-BF67-6A1F064257A0}.Debug|Any CPU.ActiveCfg = Debug|Any CPU
		{70074B5E-BAFA-4A2B-BF67-6A1F064257A0}.Debug|Any CPU.Build.0 = Debug|Any CPU
		{70074B5E-BAFA-4A2B-BF67-6A1F064257A0}.Debug|x64.ActiveCfg = Debug|Any CPU
		{70074B5E-BAFA-4A2B-BF67-6A1F064257A0}.Debug|x64.Build.0 = Debug|Any CPU
		{70074B5E-BAFA-4A2B-BF67-6A1F064257A0}.Release|Any CPU.ActiveCfg = Release|Any CPU
		{70074B5E-BAFA-4A2B-BF67-6A1F064257A0}.Release|Any CPU.Build.0 = Release|Any CPU
		{70074B5E-BAFA-4A2B-BF67-6A1F064257A0}.Release|x64.ActiveCfg = Release|Any CPU
		{70074B5E-BAFA-4A2B-BF67-6A1F064257A0}.Release|x64.Build.0 = Release|Any CPU
		{60396BFB-DE20-4919-9EC9-2E8169AEAD14}.Debug|Any CPU.ActiveCfg = Debug|Any CPU
		{60396BFB-DE20-4919-9EC9-2E8169AEAD14}.Debug|Any CPU.Build.0 = Debug|Any CPU
		{60396BFB-DE20-4919-9EC9-2E8169AEAD14}.Debug|x64.ActiveCfg = Debug|Any CPU
		{60396BFB-DE20-4919-9EC9-2E8169AEAD14}.Debug|x64.Build.0 = Debug|Any CPU
		{60396BFB-DE20-4919-9EC9-2E8169AEAD14}.Release|Any CPU.ActiveCfg = Release|Any CPU
		{60396BFB-DE20-4919-9EC9-2E8169AEAD14}.Release|Any CPU.Build.0 = Release|Any CPU
		{60396BFB-DE20-4919-9EC9-2E8169AEAD14}.Release|x64.ActiveCfg = Release|Any CPU
		{60396BFB-DE20-4919-9EC9-2E8169AEAD14}.Release|x64.Build.0 = Release|Any CPU
	EndGlobalSection
	GlobalSection(SolutionProperties) = preSolution
		HideSolutionNode = FALSE
	EndGlobalSection
	GlobalSection(ExtensibilityGlobals) = postSolution
		SolutionGuid = {416071D5-EEA4-44F5-8EC1-3FDE1DA1A257}
	EndGlobalSection
EndGlobal
